
Microsoft Visual Studio Solution File, Format Version 12.00
# Visual Studio Version 16
VisualStudioVersion = 16.0.29926.136
MinimumVisualStudioVersion = 10.0.40219.1
Project("{9A19103F-16F7-4668-BE54-9A1E7A4F7556}") = "MedicineTracking", "MedicineTracking\MedicineTracking.csproj", "{9BA8FEDB-482E-4544-9CE7-8EDE5B6BD133}"
EndProject
Project("{FAE04EC0-301F-11D3-BF4B-00C04F79EFBC}") = "MedicineTracking.UnitTests", "MedicineTracking.UnitTests\MedicineTracking.UnitTests.csproj", "{AADC8F52-FB9E-44B0-9229-70F0E680D231}"
EndProject
Global
	GlobalSection(SolutionConfigurationPlatforms) = preSolution
		Debug|Any CPU = Debug|Any CPU
		Release|Any CPU = Release|Any CPU
	EndGlobalSection
	GlobalSection(ProjectConfigurationPlatforms) = postSolution
		{9BA8FEDB-482E-4544-9CE7-8EDE5B6BD133}.Debug|Any CPU.ActiveCfg = Debug|Any CPU
		{9BA8FEDB-482E-4544-9CE7-8EDE5B6BD133}.Debug|Any CPU.Build.0 = Debug|Any CPU
		{9BA8FEDB-482E-4544-9CE7-8EDE5B6BD133}.Release|Any CPU.ActiveCfg = Release|Any CPU
		{9BA8FEDB-482E-4544-9CE7-8EDE5B6BD133}.Release|Any CPU.Build.0 = Release|Any CPU
		{AADC8F52-FB9E-44B0-9229-70F0E680D231}.Debug|Any CPU.ActiveCfg = Debug|Any CPU
		{AADC8F52-FB9E-44B0-9229-70F0E680D231}.Debug|Any CPU.Build.0 = Debug|Any CPU
		{AADC8F52-FB9E-44B0-9229-70F0E680D231}.Release|Any CPU.ActiveCfg = Release|Any CPU
		{AADC8F52-FB9E-44B0-9229-70F0E680D231}.Release|Any CPU.Build.0 = Release|Any CPU
	EndGlobalSection
	GlobalSection(SolutionProperties) = preSolution
		HideSolutionNode = FALSE
	EndGlobalSection
	GlobalSection(ExtensibilityGlobals) = postSolution
		SolutionGuid = {853AD909-4CCF-4DB9-87C3-A37B0EEC1F06}
	EndGlobalSection
EndGlobal
